
Microsoft Visual Studio Solution File, Format Version 12.00
# Visual Studio Version 17
VisualStudioVersion = 17.0.31903.59
MinimumVisualStudioVersion = 10.0.40219.1
Project("{FAE04EC0-301F-11D3-BF4B-00C04F79EFBC}") = "Задание 12", "Задание 12\Задание 12.csproj", "{A17F240C-6950-4CD5-9F47-DC9929A18917}"
EndProject
Global
	GlobalSection(SolutionConfigurationPlatforms) = preSolution
		Debug|Any CPU = Debug|Any CPU
		Release|Any CPU = Release|Any CPU
	EndGlobalSection
	GlobalSection(ProjectConfigurationPlatforms) = postSolution
		{A17F240C-6950-4CD5-9F47-DC9929A18917}.Debug|Any CPU.ActiveCfg = Debug|Any CPU
		{A17F240C-6950-4CD5-9F47-DC9929A18917}.Debug|Any CPU.Build.0 = Debug|Any CPU
		{A17F240C-6950-4CD5-9F47-DC9929A18917}.Release|Any CPU.ActiveCfg = Release|Any CPU
		{A17F240C-6950-4CD5-9F47-DC9929A18917}.Release|Any CPU.Build.0 = Release|Any CPU
	EndGlobalSection
	GlobalSection(SolutionProperties) = preSolution
		HideSolutionNode = FALSE
	EndGlobalSection
	GlobalSection(ExtensibilityGlobals) = postSolution
		SolutionGuid = {67EC656B-1D78-4849-93AA-F2CBE195C7F1}
	EndGlobalSection
EndGlobal
